// !$*UTF8*$!
{
	archiveVersion = 1;
	classes = {
	};
	objectVersion = 46;
	objects = {

/* Begin PBXBuildFile section */
		5084DEBB9AF84D8DBEBB90A4 /* libPods-WeatherUndergroundTests.a in Frameworks */ = {isa = PBXBuildFile; fileRef = 2006724C06444E0AAA643738 /* libPods-WeatherUndergroundTests.a */; };
		8381AAC4190AA824006D1827 /* Foundation.framework in Frameworks */ = {isa = PBXBuildFile; fileRef = 8381AAC3190AA824006D1827 /* Foundation.framework */; };
		8381AAC6190AA824006D1827 /* CoreGraphics.framework in Frameworks */ = {isa = PBXBuildFile; fileRef = 8381AAC5190AA824006D1827 /* CoreGraphics.framework */; };
		8381AAC8190AA824006D1827 /* UIKit.framework in Frameworks */ = {isa = PBXBuildFile; fileRef = 8381AAC7190AA824006D1827 /* UIKit.framework */; };
		8381AACE190AA824006D1827 /* InfoPlist.strings in Resources */ = {isa = PBXBuildFile; fileRef = 8381AACC190AA824006D1827 /* InfoPlist.strings */; };
		8381AAD0190AA824006D1827 /* main.m in Sources */ = {isa = PBXBuildFile; fileRef = 8381AACF190AA824006D1827 /* main.m */; };
		8381AAD4190AA824006D1827 /* TWUAppDelegate.m in Sources */ = {isa = PBXBuildFile; fileRef = 8381AAD3190AA824006D1827 /* TWUAppDelegate.m */; };
		8381AAD7190AA824006D1827 /* Main.storyboard in Resources */ = {isa = PBXBuildFile; fileRef = 8381AAD5190AA824006D1827 /* Main.storyboard */; };
		8381AADA190AA824006D1827 /* TWUViewController.m in Sources */ = {isa = PBXBuildFile; fileRef = 8381AAD9190AA824006D1827 /* TWUViewController.m */; };
		8381AADC190AA824006D1827 /* Images.xcassets in Resources */ = {isa = PBXBuildFile; fileRef = 8381AADB190AA824006D1827 /* Images.xcassets */; };
		8381AAE3190AA824006D1827 /* XCTest.framework in Frameworks */ = {isa = PBXBuildFile; fileRef = 8381AAE2190AA824006D1827 /* XCTest.framework */; };
		8381AAE4190AA824006D1827 /* Foundation.framework in Frameworks */ = {isa = PBXBuildFile; fileRef = 8381AAC3190AA824006D1827 /* Foundation.framework */; };
		8381AAE5190AA824006D1827 /* UIKit.framework in Frameworks */ = {isa = PBXBuildFile; fileRef = 8381AAC7190AA824006D1827 /* UIKit.framework */; };
		8381AAED190AA824006D1827 /* InfoPlist.strings in Resources */ = {isa = PBXBuildFile; fileRef = 8381AAEB190AA824006D1827 /* InfoPlist.strings */; };
		8381AAF9190AB50F006D1827 /* TWUViewControllerSpec.m in Sources */ = {isa = PBXBuildFile; fileRef = 8381AAF8190AB50F006D1827 /* TWUViewControllerSpec.m */; };
		883A943BF85F4A448BEA3EE7 /* libPods.a in Frameworks */ = {isa = PBXBuildFile; fileRef = F7E814A945AE4D65B6B36F17 /* libPods.a */; };
/* End PBXBuildFile section */

/* Begin PBXContainerItemProxy section */
		8381AAE6190AA824006D1827 /* PBXContainerItemProxy */ = {
			isa = PBXContainerItemProxy;
			containerPortal = 8381AAB8190AA824006D1827 /* Project object */;
			proxyType = 1;
			remoteGlobalIDString = 8381AABF190AA824006D1827;
			remoteInfo = WeatherUnderground;
		};
/* End PBXContainerItemProxy section */

/* Begin PBXFileReference section */
		2006724C06444E0AAA643738 /* libPods-WeatherUndergroundTests.a */ = {isa = PBXFileReference; explicitFileType = archive.ar; includeInIndex = 0; path = "libPods-WeatherUndergroundTests.a"; sourceTree = BUILT_PRODUCTS_DIR; };
		8381AAC0190AA824006D1827 /* WeatherUnderground.app */ = {isa = PBXFileReference; explicitFileType = wrapper.application; includeInIndex = 0; path = WeatherUnderground.app; sourceTree = BUILT_PRODUCTS_DIR; };
		8381AAC3190AA824006D1827 /* Foundation.framework */ = {isa = PBXFileReference; lastKnownFileType = wrapper.framework; name = Foundation.framework; path = System/Library/Frameworks/Foundation.framework; sourceTree = SDKROOT; };
		8381AAC5190AA824006D1827 /* CoreGraphics.framework */ = {isa = PBXFileReference; lastKnownFileType = wrapper.framework; name = CoreGraphics.framework; path = System/Library/Frameworks/CoreGraphics.framework; sourceTree = SDKROOT; };
		8381AAC7190AA824006D1827 /* UIKit.framework */ = {isa = PBXFileReference; lastKnownFileType = wrapper.framework; name = UIKit.framework; path = System/Library/Frameworks/UIKit.framework; sourceTree = SDKROOT; };
		8381AACB190AA824006D1827 /* WeatherUnderground-Info.plist */ = {isa = PBXFileReference; lastKnownFileType = text.plist.xml; path = "WeatherUnderground-Info.plist"; sourceTree = "<group>"; };
		8381AACD190AA824006D1827 /* en */ = {isa = PBXFileReference; lastKnownFileType = text.plist.strings; name = en; path = en.lproj/InfoPlist.strings; sourceTree = "<group>"; };
		8381AACF190AA824006D1827 /* main.m */ = {isa = PBXFileReference; lastKnownFileType = sourcecode.c.objc; path = main.m; sourceTree = "<group>"; };
		8381AAD1190AA824006D1827 /* WeatherUnderground-Prefix.pch */ = {isa = PBXFileReference; lastKnownFileType = sourcecode.c.h; path = "WeatherUnderground-Prefix.pch"; sourceTree = "<group>"; };
		8381AAD2190AA824006D1827 /* TWUAppDelegate.h */ = {isa = PBXFileReference; lastKnownFileType = sourcecode.c.h; path = TWUAppDelegate.h; sourceTree = "<group>"; };
		8381AAD3190AA824006D1827 /* TWUAppDelegate.m */ = {isa = PBXFileReference; lastKnownFileType = sourcecode.c.objc; path = TWUAppDelegate.m; sourceTree = "<group>"; };
		8381AAD6190AA824006D1827 /* Base */ = {isa = PBXFileReference; lastKnownFileType = file.storyboard; name = Base; path = Base.lproj/Main.storyboard; sourceTree = "<group>"; };
		8381AAD8190AA824006D1827 /* TWUViewController.h */ = {isa = PBXFileReference; lastKnownFileType = sourcecode.c.h; path = TWUViewController.h; sourceTree = "<group>"; };
		8381AAD9190AA824006D1827 /* TWUViewController.m */ = {isa = PBXFileReference; lastKnownFileType = sourcecode.c.objc; path = TWUViewController.m; sourceTree = "<group>"; };
		8381AADB190AA824006D1827 /* Images.xcassets */ = {isa = PBXFileReference; lastKnownFileType = folder.assetcatalog; path = Images.xcassets; sourceTree = "<group>"; };
		8381AAE1190AA824006D1827 /* WeatherUndergroundTests.xctest */ = {isa = PBXFileReference; explicitFileType = wrapper.cfbundle; includeInIndex = 0; path = WeatherUndergroundTests.xctest; sourceTree = BUILT_PRODUCTS_DIR; };
		8381AAE2190AA824006D1827 /* XCTest.framework */ = {isa = PBXFileReference; lastKnownFileType = wrapper.framework; name = XCTest.framework; path = Library/Frameworks/XCTest.framework; sourceTree = DEVELOPER_DIR; };
		8381AAEA190AA824006D1827 /* WeatherUndergroundTests-Info.plist */ = {isa = PBXFileReference; lastKnownFileType = text.plist.xml; path = "WeatherUndergroundTests-Info.plist"; sourceTree = "<group>"; };
		8381AAEC190AA824006D1827 /* en */ = {isa = PBXFileReference; lastKnownFileType = text.plist.strings; name = en; path = en.lproj/InfoPlist.strings; sourceTree = "<group>"; };
		8381AAF8190AB50F006D1827 /* TWUViewControllerSpec.m */ = {isa = PBXFileReference; fileEncoding = 4; lastKnownFileType = sourcecode.c.objc; path = TWUViewControllerSpec.m; sourceTree = "<group>"; };
		ABB5B3CBE70F45D08BC8F50C /* Pods.xcconfig */ = {isa = PBXFileReference; includeInIndex = 1; lastKnownFileType = text.xcconfig; name = Pods.xcconfig; path = Pods/Pods.xcconfig; sourceTree = "<group>"; };
		B15D5907D89D42389532A6DB /* Pods-WeatherUndergroundTests.xcconfig */ = {isa = PBXFileReference; includeInIndex = 1; lastKnownFileType = text.xcconfig; name = "Pods-WeatherUndergroundTests.xcconfig"; path = "Pods/Pods-WeatherUndergroundTests.xcconfig"; sourceTree = "<group>"; };
		F7E814A945AE4D65B6B36F17 /* libPods.a */ = {isa = PBXFileReference; explicitFileType = archive.ar; includeInIndex = 0; path = libPods.a; sourceTree = BUILT_PRODUCTS_DIR; };
/* End PBXFileReference section */

/* Begin PBXFrameworksBuildPhase section */
		8381AABD190AA824006D1827 /* Frameworks */ = {
			isa = PBXFrameworksBuildPhase;
			buildActionMask = 2147483647;
			files = (
				8381AAC6190AA824006D1827 /* CoreGraphics.framework in Frameworks */,
				8381AAC8190AA824006D1827 /* UIKit.framework in Frameworks */,
				8381AAC4190AA824006D1827 /* Foundation.framework in Frameworks */,
				883A943BF85F4A448BEA3EE7 /* libPods.a in Frameworks */,
			);
			runOnlyForDeploymentPostprocessing = 0;
		};
		8381AADE190AA824006D1827 /* Frameworks */ = {
			isa = PBXFrameworksBuildPhase;
			buildActionMask = 2147483647;
			files = (
				8381AAE3190AA824006D1827 /* XCTest.framework in Frameworks */,
				8381AAE5190AA824006D1827 /* UIKit.framework in Frameworks */,
				8381AAE4190AA824006D1827 /* Foundation.framework in Frameworks */,
				5084DEBB9AF84D8DBEBB90A4 /* libPods-WeatherUndergroundTests.a in Frameworks */,
			);
			runOnlyForDeploymentPostprocessing = 0;
		};
/* End PBXFrameworksBuildPhase section */

/* Begin PBXGroup section */
		8381AAB7190AA824006D1827 = {
			isa = PBXGroup;
			children = (
				8381AAC9190AA824006D1827 /* WeatherUnderground */,
				8381AAE8190AA824006D1827 /* WeatherUndergroundTests */,
				8381AAC2190AA824006D1827 /* Frameworks */,
				8381AAC1190AA824006D1827 /* Products */,
				ABB5B3CBE70F45D08BC8F50C /* Pods.xcconfig */,
				B15D5907D89D42389532A6DB /* Pods-WeatherUndergroundTests.xcconfig */,
			);
			sourceTree = "<group>";
		};
		8381AAC1190AA824006D1827 /* Products */ = {
			isa = PBXGroup;
			children = (
				8381AAC0190AA824006D1827 /* WeatherUnderground.app */,
				8381AAE1190AA824006D1827 /* WeatherUndergroundTests.xctest */,
			);
			name = Products;
			sourceTree = "<group>";
		};
		8381AAC2190AA824006D1827 /* Frameworks */ = {
			isa = PBXGroup;
			children = (
				8381AAC3190AA824006D1827 /* Foundation.framework */,
				8381AAC5190AA824006D1827 /* CoreGraphics.framework */,
				8381AAC7190AA824006D1827 /* UIKit.framework */,
				8381AAE2190AA824006D1827 /* XCTest.framework */,
				F7E814A945AE4D65B6B36F17 /* libPods.a */,
				2006724C06444E0AAA643738 /* libPods-WeatherUndergroundTests.a */,
			);
			name = Frameworks;
			sourceTree = "<group>";
		};
		8381AAC9190AA824006D1827 /* WeatherUnderground */ = {
			isa = PBXGroup;
			children = (
				8381AAD2190AA824006D1827 /* TWUAppDelegate.h */,
				8381AAD3190AA824006D1827 /* TWUAppDelegate.m */,
				8381AAD5190AA824006D1827 /* Main.storyboard */,
				8381AAD8190AA824006D1827 /* TWUViewController.h */,
				8381AAD9190AA824006D1827 /* TWUViewController.m */,
				8381AADB190AA824006D1827 /* Images.xcassets */,
				8381AACA190AA824006D1827 /* Supporting Files */,
			);
			path = WeatherUnderground;
			sourceTree = "<group>";
		};
		8381AACA190AA824006D1827 /* Supporting Files */ = {
			isa = PBXGroup;
			children = (
				8381AACB190AA824006D1827 /* WeatherUnderground-Info.plist */,
				8381AACC190AA824006D1827 /* InfoPlist.strings */,
				8381AACF190AA824006D1827 /* main.m */,
				8381AAD1190AA824006D1827 /* WeatherUnderground-Prefix.pch */,
			);
			name = "Supporting Files";
			sourceTree = "<group>";
		};
		8381AAE8190AA824006D1827 /* WeatherUndergroundTests */ = {
			isa = PBXGroup;
			children = (
				8381AAE9190AA824006D1827 /* Supporting Files */,
				8381AAF8190AB50F006D1827 /* TWUViewControllerSpec.m */,
			);
			path = WeatherUndergroundTests;
			sourceTree = "<group>";
		};
		8381AAE9190AA824006D1827 /* Supporting Files */ = {
			isa = PBXGroup;
			children = (
				8381AAEA190AA824006D1827 /* WeatherUndergroundTests-Info.plist */,
				8381AAEB190AA824006D1827 /* InfoPlist.strings */,
			);
			name = "Supporting Files";
			sourceTree = "<group>";
		};
/* End PBXGroup section */

/* Begin PBXNativeTarget section */
		8381AABF190AA824006D1827 /* WeatherUnderground */ = {
			isa = PBXNativeTarget;
			buildConfigurationList = 8381AAF2190AA824006D1827 /* Build configuration list for PBXNativeTarget "WeatherUnderground" */;
			buildPhases = (
				48734F47AA1849C2AD77C218 /* Check Pods Manifest.lock */,
				8381AABC190AA824006D1827 /* Sources */,
				8381AABD190AA824006D1827 /* Frameworks */,
				8381AABE190AA824006D1827 /* Resources */,
				638070C1B3C74E6E9C741AE3 /* Copy Pods Resources */,
			);
			buildRules = (
			);
			dependencies = (
			);
			name = WeatherUnderground;
			productName = WeatherUnderground;
			productReference = 8381AAC0190AA824006D1827 /* WeatherUnderground.app */;
			productType = "com.apple.product-type.application";
		};
		8381AAE0190AA824006D1827 /* WeatherUndergroundTests */ = {
			isa = PBXNativeTarget;
			buildConfigurationList = 8381AAF5190AA824006D1827 /* Build configuration list for PBXNativeTarget "WeatherUndergroundTests" */;
			buildPhases = (
				2F29D2DEB5ED4982932C5CD6 /* Check Pods Manifest.lock */,
				8381AADD190AA824006D1827 /* Sources */,
				8381AADE190AA824006D1827 /* Frameworks */,
				8381AADF190AA824006D1827 /* Resources */,
				34C9010A717C4E80A11202AB /* Copy Pods Resources */,
			);
			buildRules = (
			);
			dependencies = (
				8381AAE7190AA824006D1827 /* PBXTargetDependency */,
			);
			name = WeatherUndergroundTests;
			productName = WeatherUndergroundTests;
			productReference = 8381AAE1190AA824006D1827 /* WeatherUndergroundTests.xctest */;
			productType = "com.apple.product-type.bundle.unit-test";
		};
/* End PBXNativeTarget section */

/* Begin PBXProject section */
		8381AAB8190AA824006D1827 /* Project object */ = {
			isa = PBXProject;
			attributes = {
				CLASSPREFIX = TWU;
				LastUpgradeCheck = 0510;
				ORGANIZATIONNAME = "Chris Trevarthen";
				TargetAttributes = {
					8381AAE0190AA824006D1827 = {
						TestTargetID = 8381AABF190AA824006D1827;
					};
				};
			};
			buildConfigurationList = 8381AABB190AA824006D1827 /* Build configuration list for PBXProject "WeatherUnderground" */;
			compatibilityVersion = "Xcode 3.2";
			developmentRegion = English;
			hasScannedForEncodings = 0;
			knownRegions = (
				en,
				Base,
			);
			mainGroup = 8381AAB7190AA824006D1827;
			productRefGroup = 8381AAC1190AA824006D1827 /* Products */;
			projectDirPath = "";
			projectRoot = "";
			targets = (
				8381AABF190AA824006D1827 /* WeatherUnderground */,
				8381AAE0190AA824006D1827 /* WeatherUndergroundTests */,
			);
		};
/* End PBXProject section */

/* Begin PBXResourcesBuildPhase section */
		8381AABE190AA824006D1827 /* Resources */ = {
			isa = PBXResourcesBuildPhase;
			buildActionMask = 2147483647;
			files = (
				8381AADC190AA824006D1827 /* Images.xcassets in Resources */,
				8381AACE190AA824006D1827 /* InfoPlist.strings in Resources */,
				8381AAD7190AA824006D1827 /* Main.storyboard in Resources */,
			);
			runOnlyForDeploymentPostprocessing = 0;
		};
		8381AADF190AA824006D1827 /* Resources */ = {
			isa = PBXResourcesBuildPhase;
			buildActionMask = 2147483647;
			files = (
				8381AAED190AA824006D1827 /* InfoPlist.strings in Resources */,
			);
			runOnlyForDeploymentPostprocessing = 0;
		};
/* End PBXResourcesBuildPhase section */

/* Begin PBXShellScriptBuildPhase section */
		2F29D2DEB5ED4982932C5CD6 /* Check Pods Manifest.lock */ = {
			isa = PBXShellScriptBuildPhase;
			buildActionMask = 2147483647;
			files = (
			);
			inputPaths = (
			);
			name = "Check Pods Manifest.lock";
			outputPaths = (
			);
			runOnlyForDeploymentPostprocessing = 0;
			shellPath = /bin/sh;
			shellScript = "diff \"${PODS_ROOT}/../Podfile.lock\" \"${PODS_ROOT}/Manifest.lock\" > /dev/null\nif [[ $? != 0 ]] ; then\n    cat << EOM\nerror: The sandbox is not in sync with the Podfile.lock. Run 'pod install' or update your CocoaPods installation.\nEOM\n    exit 1\nfi\n";
			showEnvVarsInLog = 0;
		};
		34C9010A717C4E80A11202AB /* Copy Pods Resources */ = {
			isa = PBXShellScriptBuildPhase;
			buildActionMask = 2147483647;
			files = (
			);
			inputPaths = (
			);
			name = "Copy Pods Resources";
			outputPaths = (
			);
			runOnlyForDeploymentPostprocessing = 0;
			shellPath = /bin/sh;
			shellScript = "\"${SRCROOT}/Pods/Pods-WeatherUndergroundTests-resources.sh\"\n";
			showEnvVarsInLog = 0;
		};
		48734F47AA1849C2AD77C218 /* Check Pods Manifest.lock */ = {
			isa = PBXShellScriptBuildPhase;
			buildActionMask = 2147483647;
			files = (
			);
			inputPaths = (
			);
			name = "Check Pods Manifest.lock";
			outputPaths = (
			);
			runOnlyForDeploymentPostprocessing = 0;
			shellPath = /bin/sh;
			shellScript = "diff \"${PODS_ROOT}/../Podfile.lock\" \"${PODS_ROOT}/Manifest.lock\" > /dev/null\nif [[ $? != 0 ]] ; then\n    cat << EOM\nerror: The sandbox is not in sync with the Podfile.lock. Run 'pod install' or update your CocoaPods installation.\nEOM\n    exit 1\nfi\n";
			showEnvVarsInLog = 0;
		};
		638070C1B3C74E6E9C741AE3 /* Copy Pods Resources */ = {
			isa = PBXShellScriptBuildPhase;
			buildActionMask = 2147483647;
			files = (
			);
			inputPaths = (
			);
			name = "Copy Pods Resources";
			outputPaths = (
			);
			runOnlyForDeploymentPostprocessing = 0;
			shellPath = /bin/sh;
			shellScript = "\"${SRCROOT}/Pods/Pods-resources.sh\"\n";
			showEnvVarsInLog = 0;
		};
/* End PBXShellScriptBuildPhase section */

/* Begin PBXSourcesBuildPhase section */
		8381AABC190AA824006D1827 /* Sources */ = {
			isa = PBXSourcesBuildPhase;
			buildActionMask = 2147483647;
			files = (
				8381AAD0190AA824006D1827 /* main.m in Sources */,
				8381AADA190AA824006D1827 /* TWUViewController.m in Sources */,
				8381AAD4190AA824006D1827 /* TWUAppDelegate.m in Sources */,
			);
			runOnlyForDeploymentPostprocessing = 0;
		};
		8381AADD190AA824006D1827 /* Sources */ = {
			isa = PBXSourcesBuildPhase;
			buildActionMask = 2147483647;
			files = (
				8381AAF9190AB50F006D1827 /* TWUViewControllerSpec.m in Sources */,
			);
			runOnlyForDeploymentPostprocessing = 0;
		};
/* End PBXSourcesBuildPhase section */

/* Begin PBXTargetDependency section */
		8381AAE7190AA824006D1827 /* PBXTargetDependency */ = {
			isa = PBXTargetDependency;
			target = 8381AABF190AA824006D1827 /* WeatherUnderground */;
			targetProxy = 8381AAE6190AA824006D1827 /* PBXContainerItemProxy */;
		};
/* End PBXTargetDependency section */

/* Begin PBXVariantGroup section */
		8381AACC190AA824006D1827 /* InfoPlist.strings */ = {
			isa = PBXVariantGroup;
			children = (
				8381AACD190AA824006D1827 /* en */,
			);
			name = InfoPlist.strings;
			sourceTree = "<group>";
		};
		8381AAD5190AA824006D1827 /* Main.storyboard */ = {
			isa = PBXVariantGroup;
			children = (
				8381AAD6190AA824006D1827 /* Base */,
			);
			name = Main.storyboard;
			sourceTree = "<group>";
		};
		8381AAEB190AA824006D1827 /* InfoPlist.strings */ = {
			isa = PBXVariantGroup;
			children = (
				8381AAEC190AA824006D1827 /* en */,
			);
			name = InfoPlist.strings;
			sourceTree = "<group>";
		};
/* End PBXVariantGroup section */

/* Begin XCBuildConfiguration section */
		8381AAF0190AA824006D1827 /* Debug */ = {
			isa = XCBuildConfiguration;
			buildSettings = {
				ALWAYS_SEARCH_USER_PATHS = NO;
				CLANG_CXX_LANGUAGE_STANDARD = "gnu++0x";
				CLANG_CXX_LIBRARY = "libc++";
				CLANG_ENABLE_MODULES = YES;
				CLANG_ENABLE_OBJC_ARC = YES;
				CLANG_WARN_BOOL_CONVERSION = YES;
				CLANG_WARN_CONSTANT_CONVERSION = YES;
				CLANG_WARN_DIRECT_OBJC_ISA_USAGE = YES_ERROR;
				CLANG_WARN_EMPTY_BODY = YES;
				CLANG_WARN_ENUM_CONVERSION = YES;
				CLANG_WARN_INT_CONVERSION = YES;
				CLANG_WARN_OBJC_ROOT_CLASS = YES_ERROR;
				CLANG_WARN__DUPLICATE_METHOD_MATCH = YES;
				"CODE_SIGN_IDENTITY[sdk=iphoneos*]" = "iPhone Developer";
				COPY_PHASE_STRIP = NO;
				GCC_C_LANGUAGE_STANDARD = gnu99;
				GCC_DYNAMIC_NO_PIC = NO;
				GCC_OPTIMIZATION_LEVEL = 0;
				GCC_PREPROCESSOR_DEFINITIONS = (
					"DEBUG=1",
					"$(inherited)",
				);
				GCC_SYMBOLS_PRIVATE_EXTERN = NO;
				GCC_WARN_64_TO_32_BIT_CONVERSION = YES;
				GCC_WARN_ABOUT_RETURN_TYPE = YES_ERROR;
				GCC_WARN_UNDECLARED_SELECTOR = YES;
				GCC_WARN_UNINITIALIZED_AUTOS = YES_AGGRESSIVE;
				GCC_WARN_UNUSED_FUNCTION = YES;
				GCC_WARN_UNUSED_VARIABLE = YES;
				IPHONEOS_DEPLOYMENT_TARGET = 7.1;
				ONLY_ACTIVE_ARCH = YES;
				SDKROOT = iphoneos;
			};
			name = Debug;
		};
		8381AAF1190AA824006D1827 /* Release */ = {
			isa = XCBuildConfiguration;
			buildSettings = {
				ALWAYS_SEARCH_USER_PATHS = NO;
				CLANG_CXX_LANGUAGE_STANDARD = "gnu++0x";
				CLANG_CXX_LIBRARY = "libc++";
				CLANG_ENABLE_MODULES = YES;
				CLANG_ENABLE_OBJC_ARC = YES;
				CLANG_WARN_BOOL_CONVERSION = YES;
				CLANG_WARN_CONSTANT_CONVERSION = YES;
				CLANG_WARN_DIRECT_OBJC_ISA_USAGE = YES_ERROR;
				CLANG_WARN_EMPTY_BODY = YES;
				CLANG_WARN_ENUM_CONVERSION = YES;
				CLANG_WARN_INT_CONVERSION = YES;
				CLANG_WARN_OBJC_ROOT_CLASS = YES_ERROR;
				CLANG_WARN__DUPLICATE_METHOD_MATCH = YES;
				"CODE_SIGN_IDENTITY[sdk=iphoneos*]" = "iPhone Developer";
				COPY_PHASE_STRIP = YES;
				ENABLE_NS_ASSERTIONS = NO;
				GCC_C_LANGUAGE_STANDARD = gnu99;
				GCC_WARN_64_TO_32_BIT_CONVERSION = YES;
				GCC_WARN_ABOUT_RETURN_TYPE = YES_ERROR;
				GCC_WARN_UNDECLARED_SELECTOR = YES;
				GCC_WARN_UNINITIALIZED_AUTOS = YES_AGGRESSIVE;
				GCC_WARN_UNUSED_FUNCTION = YES;
				GCC_WARN_UNUSED_VARIABLE = YES;
				IPHONEOS_DEPLOYMENT_TARGET = 7.1;
				SDKROOT = iphoneos;
				VALIDATE_PRODUCT = YES;
			};
			name = Release;
		};
		8381AAF3190AA824006D1827 /* Debug */ = {
			isa = XCBuildConfiguration;
			baseConfigurationReference = ABB5B3CBE70F45D08BC8F50C /* Pods.xcconfig */;
			buildSettings = {
				ASSETCATALOG_COMPILER_APPICON_NAME = AppIcon;
				ASSETCATALOG_COMPILER_LAUNCHIMAGE_NAME = LaunchImage;
				GCC_PRECOMPILE_PREFIX_HEADER = YES;
				GCC_PREFIX_HEADER = "WeatherUnderground/WeatherUnderground-Prefix.pch";
				INFOPLIST_FILE = "WeatherUnderground/WeatherUnderground-Info.plist";
				PRODUCT_NAME = "$(TARGET_NAME)";
				WRAPPER_EXTENSION = app;
			};
			name = Debug;
		};
		8381AAF4190AA824006D1827 /* Release */ = {
			isa = XCBuildConfiguration;
			baseConfigurationReference = ABB5B3CBE70F45D08BC8F50C /* Pods.xcconfig */;
			buildSettings = {
				ASSETCATALOG_COMPILER_APPICON_NAME = AppIcon;
				ASSETCATALOG_COMPILER_LAUNCHIMAGE_NAME = LaunchImage;
				GCC_PRECOMPILE_PREFIX_HEADER = YES;
				GCC_PREFIX_HEADER = "WeatherUnderground/WeatherUnderground-Prefix.pch";
				INFOPLIST_FILE = "WeatherUnderground/WeatherUnderground-Info.plist";
				PRODUCT_NAME = "$(TARGET_NAME)";
				WRAPPER_EXTENSION = app;
			};
			name = Release;
		};
		8381AAF6190AA824006D1827 /* Debug */ = {
			isa = XCBuildConfiguration;
			baseConfigurationReference = B15D5907D89D42389532A6DB /* Pods-WeatherUndergroundTests.xcconfig */;
			buildSettings = {
				BUNDLE_LOADER = "$(BUILT_PRODUCTS_DIR)/WeatherUnderground.app/WeatherUnderground";
				FRAMEWORK_SEARCH_PATHS = (
					"$(SDKROOT)/Developer/Library/Frameworks",
					"$(inherited)",
					"$(DEVELOPER_FRAMEWORKS_DIR)",
				);
				GCC_PRECOMPILE_PREFIX_HEADER = YES;
				GCC_PREFIX_HEADER = "WeatherUnderground/WeatherUnderground-Prefix.pch";
				GCC_PREPROCESSOR_DEFINITIONS = (
					"DEBUG=1",
					"$(inherited)",
				);
				INFOPLIST_FILE = "WeatherUndergroundTests/WeatherUndergroundTests-Info.plist";
				PRODUCT_NAME = "$(TARGET_NAME)";
				TEST_HOST = "$(BUNDLE_LOADER)";
				WRAPPER_EXTENSION = xctest;
			};
			name = Debug;
		};
		8381AAF7190AA824006D1827 /* Release */ = {
			isa = XCBuildConfiguration;
			baseConfigurationReference = B15D5907D89D42389532A6DB /* Pods-WeatherUndergroundTests.xcconfig */;
			buildSettings = {
				BUNDLE_LOADER = "$(BUILT_PRODUCTS_DIR)/WeatherUnderground.app/WeatherUnderground";
				FRAMEWORK_SEARCH_PATHS = (
					"$(SDKROOT)/Developer/Library/Frameworks",
					"$(inherited)",
					"$(DEVELOPER_FRAMEWORKS_DIR)",
				);
				GCC_PRECOMPILE_PREFIX_HEADER = YES;
				GCC_PREFIX_HEADER = "WeatherUnderground/WeatherUnderground-Prefix.pch";
				INFOPLIST_FILE = "WeatherUndergroundTests/WeatherUndergroundTests-Info.plist";
				PRODUCT_NAME = "$(TARGET_NAME)";
				TEST_HOST = "$(BUNDLE_LOADER)";
				WRAPPER_EXTENSION = xctest;
			};
			name = Release;
		};
/* End XCBuildConfiguration section */

/* Begin XCConfigurationList section */
		8381AABB190AA824006D1827 /* Build configuration list for PBXProject "WeatherUnderground" */ = {
			isa = XCConfigurationList;
			buildConfigurations = (
				8381AAF0190AA824006D1827 /* Debug */,
				8381AAF1190AA824006D1827 /* Release */,
			);
			defaultConfigurationIsVisible = 0;
			defaultConfigurationName = Release;
		};
		8381AAF2190AA824006D1827 /* Build configuration list for PBXNativeTarget "WeatherUnderground" */ = {
			isa = XCConfigurationList;
			buildConfigurations = (
				8381AAF3190AA824006D1827 /* Debug */,
				8381AAF4190AA824006D1827 /* Release */,
			);
			defaultConfigurationIsVisible = 0;
			defaultConfigurationName = Release;
		};
		8381AAF5190AA824006D1827 /* Build configuration list for PBXNativeTarget "WeatherUndergroundTests" */ = {
			isa = XCConfigurationList;
			buildConfigurations = (
				8381AAF6190AA824006D1827 /* Debug */,
				8381AAF7190AA824006D1827 /* Release */,
			);
			defaultConfigurationIsVisible = 0;
			defaultConfigurationName = Release;
		};
/* End XCConfigurationList section */
	};
	rootObject = 8381AAB8190AA824006D1827 /* Project object */;
}
